// !$*UTF8*$!
{
	archiveVersion = 1;
	classes = {
	};
	objectVersion = 46;
	objects = {

/* Begin PBXBuildFile section */
		1762682A1E8E2DC200C57F2A /* CustomLocation.swift in Sources */ = {isa = PBXBuildFile; fileRef = 176268291E8E2DC100C57F2A /* CustomLocation.swift */; };
		4201287E204DC2D800DF9305 /* AB2018_Map.jpg in Resources */ = {isa = PBXBuildFile; fileRef = 4201287D204DC2D800DF9305 /* AB2018_Map.jpg */; };
		420E058E1E958EA600ED5002 /* AppNavigationCoordinator.swift in Sources */ = {isa = PBXBuildFile; fileRef = 420E058D1E958EA600ED5002 /* AppNavigationCoordinator.swift */; };
		421B0B2A1E6AA132006D6A91 /* AppDelegate.swift in Sources */ = {isa = PBXBuildFile; fileRef = 421B0B291E6AA132006D6A91 /* AppDelegate.swift */; };
		421B0B2C1E6AA132006D6A91 /* BurnElementsViewController.swift in Sources */ = {isa = PBXBuildFile; fileRef = 421B0B2B1E6AA132006D6A91 /* BurnElementsViewController.swift */; };
		421B0B2E1E6AA132006D6A91 /* MapViewController.swift in Sources */ = {isa = PBXBuildFile; fileRef = 421B0B2D1E6AA132006D6A91 /* MapViewController.swift */; };
		421B0B311E6AA132006D6A91 /* Main.storyboard in Resources */ = {isa = PBXBuildFile; fileRef = 421B0B2F1E6AA132006D6A91 /* Main.storyboard */; };
		421B0B331E6AA132006D6A91 /* Assets.xcassets in Resources */ = {isa = PBXBuildFile; fileRef = 421B0B321E6AA132006D6A91 /* Assets.xcassets */; };
		421B0B361E6AA132006D6A91 /* LaunchScreen.storyboard in Resources */ = {isa = PBXBuildFile; fileRef = 421B0B341E6AA132006D6A91 /* LaunchScreen.storyboard */; };
		421B0B411E6AA132006D6A91 /* AfrikaBurnTests.swift in Sources */ = {isa = PBXBuildFile; fileRef = 421B0B401E6AA132006D6A91 /* AfrikaBurnTests.swift */; };
		421B0B4F1E6AA6FB006D6A91 /* ThemeCampCSVParser.swift in Sources */ = {isa = PBXBuildFile; fileRef = 421B0B4E1E6AA6FB006D6A91 /* ThemeCampCSVParser.swift */; };
		421B0B7F1E6F24F6006D6A91 /* theme_camp.csv in Resources */ = {isa = PBXBuildFile; fileRef = 421B0B7E1E6F24F6006D6A91 /* theme_camp.csv */; };
		421B0B821E6F2910006D6A91 /* AfrikaBurn+UIKit.swift in Sources */ = {isa = PBXBuildFile; fileRef = 421B0B811E6F2910006D6A91 /* AfrikaBurn+UIKit.swift */; };
		421B0B841E6F2D33006D6A91 /* BurnElementDetailViewController.swift in Sources */ = {isa = PBXBuildFile; fileRef = 421B0B831E6F2D33006D6A91 /* BurnElementDetailViewController.swift */; };
		42B1C99B1E72871100699D61 /* MapKit.framework in Frameworks */ = {isa = PBXBuildFile; fileRef = 42B1C99A1E72871100699D61 /* MapKit.framework */; };
		42B1C99D1E728DC200699D61 /* AB2017_Layout_RoadsLabel_20170308.png in Resources */ = {isa = PBXBuildFile; fileRef = 42B1C99C1E728DC200699D61 /* AB2017_Layout_RoadsLabel_20170308.png */; };
		42B1C9A01E76686100699D61 /* BurnDataFetcher.swift in Sources */ = {isa = PBXBuildFile; fileRef = 42B1C99F1E76686100699D61 /* BurnDataFetcher.swift */; };
		42B1C9A31E7710D500699D61 /* AfrikaBurnElement.swift in Sources */ = {isa = PBXBuildFile; fileRef = 42B1C9A21E7710D500699D61 /* AfrikaBurnElement.swift */; };
		42B1C9A51E77127700699D61 /* PersistentStore.swift in Sources */ = {isa = PBXBuildFile; fileRef = 42B1C9A41E77127700699D61 /* PersistentStore.swift */; };
		42B1C9A81E77154700699D61 /* BurnDataSyncer.swift in Sources */ = {isa = PBXBuildFile; fileRef = 42B1C9A71E77154700699D61 /* BurnDataSyncer.swift */; };
		6EBAA0DA9560FE2E92B99E33 /* Pods_AfrikaBurn.framework in Frameworks */ = {isa = PBXBuildFile; fileRef = E8C8DD969DDAF433AEC0C9B4 /* Pods_AfrikaBurn.framework */; };
		F67C6E27E888C5FD8652DA3A /* Pods_AfrikaBurnTests.framework in Frameworks */ = {isa = PBXBuildFile; fileRef = EBF929D933E1CE61F8359A17 /* Pods_AfrikaBurnTests.framework */; };
/* End PBXBuildFile section */

/* Begin PBXContainerItemProxy section */
		421B0B3D1E6AA132006D6A91 /* PBXContainerItemProxy */ = {
			isa = PBXContainerItemProxy;
			containerPortal = 421B0B1E1E6AA132006D6A91 /* Project object */;
			proxyType = 1;
			remoteGlobalIDString = 421B0B251E6AA132006D6A91;
			remoteInfo = AfrikaBurn;
		};
/* End PBXContainerItemProxy section */

/* Begin PBXFileReference section */
		176268291E8E2DC100C57F2A /* CustomLocation.swift */ = {isa = PBXFileReference; fileEncoding = 4; lastKnownFileType = sourcecode.swift; path = CustomLocation.swift; sourceTree = "<group>"; };
		1A10BA63A7F3925F6DCFE9F2 /* Pods-AfrikaBurnTests.release.xcconfig */ = {isa = PBXFileReference; includeInIndex = 1; lastKnownFileType = text.xcconfig; name = "Pods-AfrikaBurnTests.release.xcconfig"; path = "Pods/Target Support Files/Pods-AfrikaBurnTests/Pods-AfrikaBurnTests.release.xcconfig"; sourceTree = "<group>"; };
		4201287D204DC2D800DF9305 /* AB2018_Map.jpg */ = {isa = PBXFileReference; lastKnownFileType = image.jpeg; path = AB2018_Map.jpg; sourceTree = "<group>"; };
		420E058D1E958EA600ED5002 /* AppNavigationCoordinator.swift */ = {isa = PBXFileReference; fileEncoding = 4; lastKnownFileType = sourcecode.swift; path = AppNavigationCoordinator.swift; sourceTree = "<group>"; };
		421B0B261E6AA132006D6A91 /* AfrikaBurn.app */ = {isa = PBXFileReference; explicitFileType = wrapper.application; includeInIndex = 0; path = AfrikaBurn.app; sourceTree = BUILT_PRODUCTS_DIR; };
		421B0B291E6AA132006D6A91 /* AppDelegate.swift */ = {isa = PBXFileReference; lastKnownFileType = sourcecode.swift; path = AppDelegate.swift; sourceTree = "<group>"; };
		421B0B2B1E6AA132006D6A91 /* BurnElementsViewController.swift */ = {isa = PBXFileReference; lastKnownFileType = sourcecode.swift; path = BurnElementsViewController.swift; sourceTree = "<group>"; };
		421B0B2D1E6AA132006D6A91 /* MapViewController.swift */ = {isa = PBXFileReference; lastKnownFileType = sourcecode.swift; path = MapViewController.swift; sourceTree = "<group>"; };
		421B0B301E6AA132006D6A91 /* Base */ = {isa = PBXFileReference; lastKnownFileType = file.storyboard; name = Base; path = Base.lproj/Main.storyboard; sourceTree = "<group>"; };
		421B0B321E6AA132006D6A91 /* Assets.xcassets */ = {isa = PBXFileReference; lastKnownFileType = folder.assetcatalog; path = Assets.xcassets; sourceTree = "<group>"; };
		421B0B351E6AA132006D6A91 /* Base */ = {isa = PBXFileReference; lastKnownFileType = file.storyboard; name = Base; path = Base.lproj/LaunchScreen.storyboard; sourceTree = "<group>"; };
		421B0B371E6AA132006D6A91 /* Info.plist */ = {isa = PBXFileReference; lastKnownFileType = text.plist.xml; path = Info.plist; sourceTree = "<group>"; };
		421B0B3C1E6AA132006D6A91 /* AfrikaBurnTests.xctest */ = {isa = PBXFileReference; explicitFileType = wrapper.cfbundle; includeInIndex = 0; path = AfrikaBurnTests.xctest; sourceTree = BUILT_PRODUCTS_DIR; };
		421B0B401E6AA132006D6A91 /* AfrikaBurnTests.swift */ = {isa = PBXFileReference; lastKnownFileType = sourcecode.swift; path = AfrikaBurnTests.swift; sourceTree = "<group>"; };
		421B0B421E6AA132006D6A91 /* Info.plist */ = {isa = PBXFileReference; lastKnownFileType = text.plist.xml; path = Info.plist; sourceTree = "<group>"; };
		421B0B4E1E6AA6FB006D6A91 /* ThemeCampCSVParser.swift */ = {isa = PBXFileReference; fileEncoding = 4; lastKnownFileType = sourcecode.swift; path = ThemeCampCSVParser.swift; sourceTree = "<group>"; };
		421B0B7E1E6F24F6006D6A91 /* theme_camp.csv */ = {isa = PBXFileReference; fileEncoding = 4; lastKnownFileType = text; path = theme_camp.csv; sourceTree = "<group>"; };
		421B0B811E6F2910006D6A91 /* AfrikaBurn+UIKit.swift */ = {isa = PBXFileReference; fileEncoding = 4; lastKnownFileType = sourcecode.swift; path = "AfrikaBurn+UIKit.swift"; sourceTree = "<group>"; };
		421B0B831E6F2D33006D6A91 /* BurnElementDetailViewController.swift */ = {isa = PBXFileReference; fileEncoding = 4; lastKnownFileType = sourcecode.swift; path = BurnElementDetailViewController.swift; sourceTree = "<group>"; };
		42B1C99A1E72871100699D61 /* MapKit.framework */ = {isa = PBXFileReference; lastKnownFileType = wrapper.framework; name = MapKit.framework; path = System/Library/Frameworks/MapKit.framework; sourceTree = SDKROOT; };
		42B1C99C1E728DC200699D61 /* AB2017_Layout_RoadsLabel_20170308.png */ = {isa = PBXFileReference; lastKnownFileType = image.png; path = AB2017_Layout_RoadsLabel_20170308.png; sourceTree = "<group>"; };
		42B1C99F1E76686100699D61 /* BurnDataFetcher.swift */ = {isa = PBXFileReference; fileEncoding = 4; lastKnownFileType = sourcecode.swift; path = BurnDataFetcher.swift; sourceTree = "<group>"; };
		42B1C9A21E7710D500699D61 /* AfrikaBurnElement.swift */ = {isa = PBXFileReference; fileEncoding = 4; lastKnownFileType = sourcecode.swift; path = AfrikaBurnElement.swift; sourceTree = "<group>"; };
		42B1C9A41E77127700699D61 /* PersistentStore.swift */ = {isa = PBXFileReference; fileEncoding = 4; lastKnownFileType = sourcecode.swift; path = PersistentStore.swift; sourceTree = "<group>"; };
		42B1C9A71E77154700699D61 /* BurnDataSyncer.swift */ = {isa = PBXFileReference; fileEncoding = 4; lastKnownFileType = sourcecode.swift; path = BurnDataSyncer.swift; sourceTree = "<group>"; };
		64A1416249104A8C346A4494 /* Pods-AfrikaBurnTests.debug.xcconfig */ = {isa = PBXFileReference; includeInIndex = 1; lastKnownFileType = text.xcconfig; name = "Pods-AfrikaBurnTests.debug.xcconfig"; path = "Pods/Target Support Files/Pods-AfrikaBurnTests/Pods-AfrikaBurnTests.debug.xcconfig"; sourceTree = "<group>"; };
		9C4BC849FB9D94D18164746B /* Pods-AfrikaBurn.debug.xcconfig */ = {isa = PBXFileReference; includeInIndex = 1; lastKnownFileType = text.xcconfig; name = "Pods-AfrikaBurn.debug.xcconfig"; path = "Pods/Target Support Files/Pods-AfrikaBurn/Pods-AfrikaBurn.debug.xcconfig"; sourceTree = "<group>"; };
		E8C8DD969DDAF433AEC0C9B4 /* Pods_AfrikaBurn.framework */ = {isa = PBXFileReference; explicitFileType = wrapper.framework; includeInIndex = 0; path = Pods_AfrikaBurn.framework; sourceTree = BUILT_PRODUCTS_DIR; };
		EBF929D933E1CE61F8359A17 /* Pods_AfrikaBurnTests.framework */ = {isa = PBXFileReference; explicitFileType = wrapper.framework; includeInIndex = 0; path = Pods_AfrikaBurnTests.framework; sourceTree = BUILT_PRODUCTS_DIR; };
		FC042593671A8179031AAB46 /* Pods-AfrikaBurn.release.xcconfig */ = {isa = PBXFileReference; includeInIndex = 1; lastKnownFileType = text.xcconfig; name = "Pods-AfrikaBurn.release.xcconfig"; path = "Pods/Target Support Files/Pods-AfrikaBurn/Pods-AfrikaBurn.release.xcconfig"; sourceTree = "<group>"; };
/* End PBXFileReference section */

/* Begin PBXFrameworksBuildPhase section */
		421B0B231E6AA132006D6A91 /* Frameworks */ = {
			isa = PBXFrameworksBuildPhase;
			buildActionMask = 2147483647;
			files = (
				42B1C99B1E72871100699D61 /* MapKit.framework in Frameworks */,
				6EBAA0DA9560FE2E92B99E33 /* Pods_AfrikaBurn.framework in Frameworks */,
			);
			runOnlyForDeploymentPostprocessing = 0;
		};
		421B0B391E6AA132006D6A91 /* Frameworks */ = {
			isa = PBXFrameworksBuildPhase;
			buildActionMask = 2147483647;
			files = (
				F67C6E27E888C5FD8652DA3A /* Pods_AfrikaBurnTests.framework in Frameworks */,
			);
			runOnlyForDeploymentPostprocessing = 0;
		};
/* End PBXFrameworksBuildPhase section */

/* Begin PBXGroup section */
		2A521CAB2E23C791B900396F /* Frameworks */ = {
			isa = PBXGroup;
			children = (
				42B1C99A1E72871100699D61 /* MapKit.framework */,
				E8C8DD969DDAF433AEC0C9B4 /* Pods_AfrikaBurn.framework */,
				EBF929D933E1CE61F8359A17 /* Pods_AfrikaBurnTests.framework */,
			);
			name = Frameworks;
			sourceTree = "<group>";
		};
		421B0B1D1E6AA132006D6A91 = {
			isa = PBXGroup;
			children = (
				421B0B281E6AA132006D6A91 /* AfrikaBurn */,
				421B0B3F1E6AA132006D6A91 /* AfrikaBurnTests */,
				421B0B271E6AA132006D6A91 /* Products */,
				B755F08779FBF9EA94E5AEA9 /* Pods */,
				2A521CAB2E23C791B900396F /* Frameworks */,
			);
			sourceTree = "<group>";
		};
		421B0B271E6AA132006D6A91 /* Products */ = {
			isa = PBXGroup;
			children = (
				421B0B261E6AA132006D6A91 /* AfrikaBurn.app */,
				421B0B3C1E6AA132006D6A91 /* AfrikaBurnTests.xctest */,
			);
			name = Products;
			sourceTree = "<group>";
		};
		421B0B281E6AA132006D6A91 /* AfrikaBurn */ = {
			isa = PBXGroup;
			children = (
				421B0B291E6AA132006D6A91 /* AppDelegate.swift */,
				420E058D1E958EA600ED5002 /* AppNavigationCoordinator.swift */,
				421B0B2B1E6AA132006D6A91 /* BurnElementsViewController.swift */,
				421B0B2D1E6AA132006D6A91 /* MapViewController.swift */,
				421B0B831E6F2D33006D6A91 /* BurnElementDetailViewController.swift */,
				42B1C9A61E77153C00699D61 /* Sync */,
				42B1C9A11E77109A00699D61 /* Model */,
				42B1C99E1E76683C00699D61 /* Network */,
				421B0B801E6F2904006D6A91 /* Extensions */,
				421B0B4B1E6AA593006D6A91 /* Resources */,
				421B0B2F1E6AA132006D6A91 /* Main.storyboard */,
				421B0B321E6AA132006D6A91 /* Assets.xcassets */,
				421B0B341E6AA132006D6A91 /* LaunchScreen.storyboard */,
				421B0B371E6AA132006D6A91 /* Info.plist */,
			);
			path = AfrikaBurn;
			sourceTree = "<group>";
		};
		421B0B3F1E6AA132006D6A91 /* AfrikaBurnTests */ = {
			isa = PBXGroup;
			children = (
				421B0B401E6AA132006D6A91 /* AfrikaBurnTests.swift */,
				421B0B421E6AA132006D6A91 /* Info.plist */,
			);
			path = AfrikaBurnTests;
			sourceTree = "<group>";
		};
		421B0B4B1E6AA593006D6A91 /* Resources */ = {
			isa = PBXGroup;
			children = (
				4201287D204DC2D800DF9305 /* AB2018_Map.jpg */,
				42B1C99C1E728DC200699D61 /* AB2017_Layout_RoadsLabel_20170308.png */,
				421B0B7E1E6F24F6006D6A91 /* theme_camp.csv */,
				421B0B4E1E6AA6FB006D6A91 /* ThemeCampCSVParser.swift */,
			);
			path = Resources;
			sourceTree = "<group>";
		};
		421B0B801E6F2904006D6A91 /* Extensions */ = {
			isa = PBXGroup;
			children = (
				421B0B811E6F2910006D6A91 /* AfrikaBurn+UIKit.swift */,
			);
			path = Extensions;
			sourceTree = "<group>";
		};
		42B1C99E1E76683C00699D61 /* Network */ = {
			isa = PBXGroup;
			children = (
				42B1C99F1E76686100699D61 /* BurnDataFetcher.swift */,
			);
			path = Network;
			sourceTree = "<group>";
		};
		42B1C9A11E77109A00699D61 /* Model */ = {
			isa = PBXGroup;
			children = (
				42B1C9A21E7710D500699D61 /* AfrikaBurnElement.swift */,
				42B1C9A41E77127700699D61 /* PersistentStore.swift */,
				176268291E8E2DC100C57F2A /* CustomLocation.swift */,
			);
			path = Model;
			sourceTree = "<group>";
		};
		42B1C9A61E77153C00699D61 /* Sync */ = {
			isa = PBXGroup;
			children = (
				42B1C9A71E77154700699D61 /* BurnDataSyncer.swift */,
			);
			path = Sync;
			sourceTree = "<group>";
		};
		B755F08779FBF9EA94E5AEA9 /* Pods */ = {
			isa = PBXGroup;
			children = (
				9C4BC849FB9D94D18164746B /* Pods-AfrikaBurn.debug.xcconfig */,
				FC042593671A8179031AAB46 /* Pods-AfrikaBurn.release.xcconfig */,
				64A1416249104A8C346A4494 /* Pods-AfrikaBurnTests.debug.xcconfig */,
				1A10BA63A7F3925F6DCFE9F2 /* Pods-AfrikaBurnTests.release.xcconfig */,
			);
			name = Pods;
			sourceTree = "<group>";
		};
/* End PBXGroup section */

/* Begin PBXNativeTarget section */
		421B0B251E6AA132006D6A91 /* AfrikaBurn */ = {
			isa = PBXNativeTarget;
			buildConfigurationList = 421B0B451E6AA132006D6A91 /* Build configuration list for PBXNativeTarget "AfrikaBurn" */;
			buildPhases = (
				C8FCCE90444956F10BC00E75 /* [CP] Check Pods Manifest.lock */,
				421B0B221E6AA132006D6A91 /* Sources */,
				421B0B231E6AA132006D6A91 /* Frameworks */,
				421B0B241E6AA132006D6A91 /* Resources */,
				E4DA4F088168DAFF1CF06FB0 /* [CP] Embed Pods Frameworks */,
				EB0F0FF867CC34E8C89EE005 /* [CP] Copy Pods Resources */,
			);
			buildRules = (
			);
			dependencies = (
			);
			name = AfrikaBurn;
			productName = AfrikaBurn;
			productReference = 421B0B261E6AA132006D6A91 /* AfrikaBurn.app */;
			productType = "com.apple.product-type.application";
		};
		421B0B3B1E6AA132006D6A91 /* AfrikaBurnTests */ = {
			isa = PBXNativeTarget;
			buildConfigurationList = 421B0B481E6AA132006D6A91 /* Build configuration list for PBXNativeTarget "AfrikaBurnTests" */;
			buildPhases = (
				EFFA75C80C363D145ECF8FF0 /* [CP] Check Pods Manifest.lock */,
				421B0B381E6AA132006D6A91 /* Sources */,
				421B0B391E6AA132006D6A91 /* Frameworks */,
				421B0B3A1E6AA132006D6A91 /* Resources */,
				727FD16BEE57D2DD3688FC81 /* [CP] Embed Pods Frameworks */,
				9C7C2A0E3C4CE2AB00BF4574 /* [CP] Copy Pods Resources */,
			);
			buildRules = (
			);
			dependencies = (
				421B0B3E1E6AA132006D6A91 /* PBXTargetDependency */,
			);
			name = AfrikaBurnTests;
			productName = AfrikaBurnTests;
			productReference = 421B0B3C1E6AA132006D6A91 /* AfrikaBurnTests.xctest */;
			productType = "com.apple.product-type.bundle.unit-test";
		};
/* End PBXNativeTarget section */

/* Begin PBXProject section */
		421B0B1E1E6AA132006D6A91 /* Project object */ = {
			isa = PBXProject;
			attributes = {
				LastSwiftUpdateCheck = 0820;
				LastUpgradeCheck = 0910;
				ORGANIZATIONNAME = AfrikaBurn;
				TargetAttributes = {
					421B0B251E6AA132006D6A91 = {
						CreatedOnToolsVersion = 8.2.1;
						DevelopmentTeam = XGZZ3FP8X6;
						ProvisioningStyle = Automatic;
						SystemCapabilities = {
							com.apple.Maps.iOS = {
								enabled = 1;
							};
						};
					};
					421B0B3B1E6AA132006D6A91 = {
						CreatedOnToolsVersion = 8.2.1;
						ProvisioningStyle = Automatic;
						TestTargetID = 421B0B251E6AA132006D6A91;
					};
				};
			};
			buildConfigurationList = 421B0B211E6AA132006D6A91 /* Build configuration list for PBXProject "AfrikaBurn" */;
			compatibilityVersion = "Xcode 3.2";
			developmentRegion = English;
			hasScannedForEncodings = 0;
			knownRegions = (
				en,
				Base,
			);
			mainGroup = 421B0B1D1E6AA132006D6A91;
			productRefGroup = 421B0B271E6AA132006D6A91 /* Products */;
			projectDirPath = "";
			projectRoot = "";
			targets = (
				421B0B251E6AA132006D6A91 /* AfrikaBurn */,
				421B0B3B1E6AA132006D6A91 /* AfrikaBurnTests */,
			);
		};
/* End PBXProject section */

/* Begin PBXResourcesBuildPhase section */
		421B0B241E6AA132006D6A91 /* Resources */ = {
			isa = PBXResourcesBuildPhase;
			buildActionMask = 2147483647;
			files = (
				421B0B361E6AA132006D6A91 /* LaunchScreen.storyboard in Resources */,
				421B0B331E6AA132006D6A91 /* Assets.xcassets in Resources */,
				421B0B311E6AA132006D6A91 /* Main.storyboard in Resources */,
				42B1C99D1E728DC200699D61 /* AB2017_Layout_RoadsLabel_20170308.png in Resources */,
				421B0B7F1E6F24F6006D6A91 /* theme_camp.csv in Resources */,
				4201287E204DC2D800DF9305 /* AB2018_Map.jpg in Resources */,
			);
			runOnlyForDeploymentPostprocessing = 0;
		};
		421B0B3A1E6AA132006D6A91 /* Resources */ = {
			isa = PBXResourcesBuildPhase;
			buildActionMask = 2147483647;
			files = (
			);
			runOnlyForDeploymentPostprocessing = 0;
		};
/* End PBXResourcesBuildPhase section */

/* Begin PBXShellScriptBuildPhase section */
		727FD16BEE57D2DD3688FC81 /* [CP] Embed Pods Frameworks */ = {
			isa = PBXShellScriptBuildPhase;
			buildActionMask = 2147483647;
			files = (
			);
			inputPaths = (
			);
			name = "[CP] Embed Pods Frameworks";
			outputPaths = (
			);
			runOnlyForDeploymentPostprocessing = 0;
			shellPath = /bin/sh;
			shellScript = "\"${SRCROOT}/Pods/Target Support Files/Pods-AfrikaBurnTests/Pods-AfrikaBurnTests-frameworks.sh\"\n";
			showEnvVarsInLog = 0;
		};
		9C7C2A0E3C4CE2AB00BF4574 /* [CP] Copy Pods Resources */ = {
			isa = PBXShellScriptBuildPhase;
			buildActionMask = 2147483647;
			files = (
			);
			inputPaths = (
			);
			name = "[CP] Copy Pods Resources";
			outputPaths = (
			);
			runOnlyForDeploymentPostprocessing = 0;
			shellPath = /bin/sh;
			shellScript = "\"${SRCROOT}/Pods/Target Support Files/Pods-AfrikaBurnTests/Pods-AfrikaBurnTests-resources.sh\"\n";
			showEnvVarsInLog = 0;
		};
		C8FCCE90444956F10BC00E75 /* [CP] Check Pods Manifest.lock */ = {
			isa = PBXShellScriptBuildPhase;
			buildActionMask = 2147483647;
			files = (
			);
			inputPaths = (
				"${PODS_PODFILE_DIR_PATH}/Podfile.lock",
				"${PODS_ROOT}/Manifest.lock",
			);
			name = "[CP] Check Pods Manifest.lock";
			outputPaths = (
				"$(DERIVED_FILE_DIR)/Pods-AfrikaBurn-checkManifestLockResult.txt",
			);
			runOnlyForDeploymentPostprocessing = 0;
			shellPath = /bin/sh;
			shellScript = "diff \"${PODS_PODFILE_DIR_PATH}/Podfile.lock\" \"${PODS_ROOT}/Manifest.lock\" > /dev/null\nif [ $? != 0 ] ; then\n    # print error to STDERR\n    echo \"error: The sandbox is not in sync with the Podfile.lock. Run 'pod install' or update your CocoaPods installation.\" >&2\n    exit 1\nfi\n# This output is used by Xcode 'outputs' to avoid re-running this script phase.\necho \"SUCCESS\" > \"${SCRIPT_OUTPUT_FILE_0}\"\n";
			showEnvVarsInLog = 0;
		};
		E4DA4F088168DAFF1CF06FB0 /* [CP] Embed Pods Frameworks */ = {
			isa = PBXShellScriptBuildPhase;
			buildActionMask = 2147483647;
			files = (
			);
			inputPaths = (
				"${SRCROOT}/Pods/Target Support Files/Pods-AfrikaBurn/Pods-AfrikaBurn-frameworks.sh",
				"${BUILT_PRODUCTS_DIR}/CHCSVParser/CHCSVParser.framework",
				"${BUILT_PRODUCTS_DIR}/Realm/Realm.framework",
				"${BUILT_PRODUCTS_DIR}/RealmSwift/RealmSwift.framework",
			);
			name = "[CP] Embed Pods Frameworks";
			outputPaths = (
				"${TARGET_BUILD_DIR}/${FRAMEWORKS_FOLDER_PATH}/CHCSVParser.framework",
				"${TARGET_BUILD_DIR}/${FRAMEWORKS_FOLDER_PATH}/Realm.framework",
				"${TARGET_BUILD_DIR}/${FRAMEWORKS_FOLDER_PATH}/RealmSwift.framework",
			);
			runOnlyForDeploymentPostprocessing = 0;
			shellPath = /bin/sh;
			shellScript = "\"${SRCROOT}/Pods/Target Support Files/Pods-AfrikaBurn/Pods-AfrikaBurn-frameworks.sh\"\n";
			showEnvVarsInLog = 0;
		};
		EB0F0FF867CC34E8C89EE005 /* [CP] Copy Pods Resources */ = {
			isa = PBXShellScriptBuildPhase;
			buildActionMask = 2147483647;
			files = (
			);
			inputPaths = (
			);
			name = "[CP] Copy Pods Resources";
			outputPaths = (
			);
			runOnlyForDeploymentPostprocessing = 0;
			shellPath = /bin/sh;
			shellScript = "\"${SRCROOT}/Pods/Target Support Files/Pods-AfrikaBurn/Pods-AfrikaBurn-resources.sh\"\n";
			showEnvVarsInLog = 0;
		};
		EFFA75C80C363D145ECF8FF0 /* [CP] Check Pods Manifest.lock */ = {
			isa = PBXShellScriptBuildPhase;
			buildActionMask = 2147483647;
			files = (
			);
			inputPaths = (
				"${PODS_PODFILE_DIR_PATH}/Podfile.lock",
				"${PODS_ROOT}/Manifest.lock",
			);
			name = "[CP] Check Pods Manifest.lock";
			outputPaths = (
				"$(DERIVED_FILE_DIR)/Pods-AfrikaBurnTests-checkManifestLockResult.txt",
			);
			runOnlyForDeploymentPostprocessing = 0;
			shellPath = /bin/sh;
			shellScript = "diff \"${PODS_PODFILE_DIR_PATH}/Podfile.lock\" \"${PODS_ROOT}/Manifest.lock\" > /dev/null\nif [ $? != 0 ] ; then\n    # print error to STDERR\n    echo \"error: The sandbox is not in sync with the Podfile.lock. Run 'pod install' or update your CocoaPods installation.\" >&2\n    exit 1\nfi\n# This output is used by Xcode 'outputs' to avoid re-running this script phase.\necho \"SUCCESS\" > \"${SCRIPT_OUTPUT_FILE_0}\"\n";
			showEnvVarsInLog = 0;
		};
/* End PBXShellScriptBuildPhase section */

/* Begin PBXSourcesBuildPhase section */
		421B0B221E6AA132006D6A91 /* Sources */ = {
			isa = PBXSourcesBuildPhase;
			buildActionMask = 2147483647;
			files = (
				1762682A1E8E2DC200C57F2A /* CustomLocation.swift in Sources */,
				421B0B4F1E6AA6FB006D6A91 /* ThemeCampCSVParser.swift in Sources */,
				42B1C9A31E7710D500699D61 /* AfrikaBurnElement.swift in Sources */,
				42B1C9A01E76686100699D61 /* BurnDataFetcher.swift in Sources */,
				421B0B2E1E6AA132006D6A91 /* MapViewController.swift in Sources */,
				42B1C9A81E77154700699D61 /* BurnDataSyncer.swift in Sources */,
				421B0B841E6F2D33006D6A91 /* BurnElementDetailViewController.swift in Sources */,
				421B0B2A1E6AA132006D6A91 /* AppDelegate.swift in Sources */,
				421B0B821E6F2910006D6A91 /* AfrikaBurn+UIKit.swift in Sources */,
				421B0B2C1E6AA132006D6A91 /* BurnElementsViewController.swift in Sources */,
				420E058E1E958EA600ED5002 /* AppNavigationCoordinator.swift in Sources */,
				42B1C9A51E77127700699D61 /* PersistentStore.swift in Sources */,
			);
			runOnlyForDeploymentPostprocessing = 0;
		};
		421B0B381E6AA132006D6A91 /* Sources */ = {
			isa = PBXSourcesBuildPhase;
			buildActionMask = 2147483647;
			files = (
				421B0B411E6AA132006D6A91 /* AfrikaBurnTests.swift in Sources */,
			);
			runOnlyForDeploymentPostprocessing = 0;
		};
/* End PBXSourcesBuildPhase section */

/* Begin PBXTargetDependency section */
		421B0B3E1E6AA132006D6A91 /* PBXTargetDependency */ = {
			isa = PBXTargetDependency;
			target = 421B0B251E6AA132006D6A91 /* AfrikaBurn */;
			targetProxy = 421B0B3D1E6AA132006D6A91 /* PBXContainerItemProxy */;
		};
/* End PBXTargetDependency section */

/* Begin PBXVariantGroup section */
		421B0B2F1E6AA132006D6A91 /* Main.storyboard */ = {
			isa = PBXVariantGroup;
			children = (
				421B0B301E6AA132006D6A91 /* Base */,
			);
			name = Main.storyboard;
			sourceTree = "<group>";
		};
		421B0B341E6AA132006D6A91 /* LaunchScreen.storyboard */ = {
			isa = PBXVariantGroup;
			children = (
				421B0B351E6AA132006D6A91 /* Base */,
			);
			name = LaunchScreen.storyboard;
			sourceTree = "<group>";
		};
/* End PBXVariantGroup section */

/* Begin XCBuildConfiguration section */
		421B0B431E6AA132006D6A91 /* Debug */ = {
			isa = XCBuildConfiguration;
			buildSettings = {
				ALWAYS_SEARCH_USER_PATHS = NO;
				CLANG_ANALYZER_NONNULL = YES;
				CLANG_CXX_LANGUAGE_STANDARD = "gnu++0x";
				CLANG_CXX_LIBRARY = "libc++";
				CLANG_ENABLE_MODULES = YES;
				CLANG_ENABLE_OBJC_ARC = YES;
				CLANG_WARN_BLOCK_CAPTURE_AUTORELEASING = YES;
				CLANG_WARN_BOOL_CONVERSION = YES;
				CLANG_WARN_COMMA = YES;
				CLANG_WARN_CONSTANT_CONVERSION = YES;
				CLANG_WARN_DIRECT_OBJC_ISA_USAGE = YES_ERROR;
				CLANG_WARN_DOCUMENTATION_COMMENTS = YES;
				CLANG_WARN_EMPTY_BODY = YES;
				CLANG_WARN_ENUM_CONVERSION = YES;
				CLANG_WARN_INFINITE_RECURSION = YES;
				CLANG_WARN_INT_CONVERSION = YES;
				CLANG_WARN_NON_LITERAL_NULL_CONVERSION = YES;
				CLANG_WARN_OBJC_LITERAL_CONVERSION = YES;
				CLANG_WARN_OBJC_ROOT_CLASS = YES_ERROR;
				CLANG_WARN_RANGE_LOOP_ANALYSIS = YES;
				CLANG_WARN_STRICT_PROTOTYPES = YES;
				CLANG_WARN_SUSPICIOUS_MOVE = YES;
				CLANG_WARN_UNREACHABLE_CODE = YES;
				CLANG_WARN__DUPLICATE_METHOD_MATCH = YES;
				"CODE_SIGN_IDENTITY[sdk=iphoneos*]" = "iPhone Developer";
				COPY_PHASE_STRIP = NO;
				DEBUG_INFORMATION_FORMAT = dwarf;
				ENABLE_STRICT_OBJC_MSGSEND = YES;
				ENABLE_TESTABILITY = YES;
				GCC_C_LANGUAGE_STANDARD = gnu99;
				GCC_DYNAMIC_NO_PIC = NO;
				GCC_NO_COMMON_BLOCKS = YES;
				GCC_OPTIMIZATION_LEVEL = 0;
				GCC_PREPROCESSOR_DEFINITIONS = (
					"DEBUG=1",
					"$(inherited)",
				);
				GCC_WARN_64_TO_32_BIT_CONVERSION = YES;
				GCC_WARN_ABOUT_RETURN_TYPE = YES_ERROR;
				GCC_WARN_UNDECLARED_SELECTOR = YES;
				GCC_WARN_UNINITIALIZED_AUTOS = YES_AGGRESSIVE;
				GCC_WARN_UNUSED_FUNCTION = YES;
				GCC_WARN_UNUSED_VARIABLE = YES;
				IPHONEOS_DEPLOYMENT_TARGET = 10.2;
				MTL_ENABLE_DEBUG_INFO = YES;
				ONLY_ACTIVE_ARCH = YES;
				SDKROOT = iphoneos;
				SWIFT_ACTIVE_COMPILATION_CONDITIONS = DEBUG;
				SWIFT_OPTIMIZATION_LEVEL = "-Onone";
				TARGETED_DEVICE_FAMILY = "1,2";
			};
			name = Debug;
		};
		421B0B441E6AA132006D6A91 /* Release */ = {
			isa = XCBuildConfiguration;
			buildSettings = {
				ALWAYS_SEARCH_USER_PATHS = NO;
				CLANG_ANALYZER_NONNULL = YES;
				CLANG_CXX_LANGUAGE_STANDARD = "gnu++0x";
				CLANG_CXX_LIBRARY = "libc++";
				CLANG_ENABLE_MODULES = YES;
				CLANG_ENABLE_OBJC_ARC = YES;
				CLANG_WARN_BLOCK_CAPTURE_AUTORELEASING = YES;
				CLANG_WARN_BOOL_CONVERSION = YES;
				CLANG_WARN_COMMA = YES;
				CLANG_WARN_CONSTANT_CONVERSION = YES;
				CLANG_WARN_DIRECT_OBJC_ISA_USAGE = YES_ERROR;
				CLANG_WARN_DOCUMENTATION_COMMENTS = YES;
				CLANG_WARN_EMPTY_BODY = YES;
				CLANG_WARN_ENUM_CONVERSION = YES;
				CLANG_WARN_INFINITE_RECURSION = YES;
				CLANG_WARN_INT_CONVERSION = YES;
				CLANG_WARN_NON_LITERAL_NULL_CONVERSION = YES;
				CLANG_WARN_OBJC_LITERAL_CONVERSION = YES;
				CLANG_WARN_OBJC_ROOT_CLASS = YES_ERROR;
				CLANG_WARN_RANGE_LOOP_ANALYSIS = YES;
				CLANG_WARN_STRICT_PROTOTYPES = YES;
				CLANG_WARN_SUSPICIOUS_MOVE = YES;
				CLANG_WARN_UNREACHABLE_CODE = YES;
				CLANG_WARN__DUPLICATE_METHOD_MATCH = YES;
				"CODE_SIGN_IDENTITY[sdk=iphoneos*]" = "iPhone Developer";
				COPY_PHASE_STRIP = NO;
				DEBUG_INFORMATION_FORMAT = "dwarf-with-dsym";
				ENABLE_NS_ASSERTIONS = NO;
				ENABLE_STRICT_OBJC_MSGSEND = YES;
				GCC_C_LANGUAGE_STANDARD = gnu99;
				GCC_NO_COMMON_BLOCKS = YES;
				GCC_WARN_64_TO_32_BIT_CONVERSION = YES;
				GCC_WARN_ABOUT_RETURN_TYPE = YES_ERROR;
				GCC_WARN_UNDECLARED_SELECTOR = YES;
				GCC_WARN_UNINITIALIZED_AUTOS = YES_AGGRESSIVE;
				GCC_WARN_UNUSED_FUNCTION = YES;
				GCC_WARN_UNUSED_VARIABLE = YES;
				IPHONEOS_DEPLOYMENT_TARGET = 10.2;
				MTL_ENABLE_DEBUG_INFO = NO;
				SDKROOT = iphoneos;
				SWIFT_OPTIMIZATION_LEVEL = "-Owholemodule";
				TARGETED_DEVICE_FAMILY = "1,2";
				VALIDATE_PRODUCT = YES;
			};
			name = Release;
		};
		421B0B461E6AA132006D6A91 /* Debug */ = {
			isa = XCBuildConfiguration;
			baseConfigurationReference = 9C4BC849FB9D94D18164746B /* Pods-AfrikaBurn.debug.xcconfig */;
			buildSettings = {
				ASSETCATALOG_COMPILER_APPICON_NAME = AppIcon;
				DEVELOPMENT_TEAM = XGZZ3FP8X6;
				INFOPLIST_FILE = AfrikaBurn/Info.plist;
				LD_RUNPATH_SEARCH_PATHS = "$(inherited) @executable_path/Frameworks";
				PRODUCT_BUNDLE_IDENTIFIER = za.co.afrikaburn.AfrikaBurnApp;
				PRODUCT_NAME = "$(TARGET_NAME)";
				SWIFT_VERSION = 3.0;
			};
			name = Debug;
		};
		421B0B471E6AA132006D6A91 /* Release */ = {
			isa = XCBuildConfiguration;
			baseConfigurationReference = FC042593671A8179031AAB46 /* Pods-AfrikaBurn.release.xcconfig */;
			buildSettings = {
				ASSETCATALOG_COMPILER_APPICON_NAME = AppIcon;
				DEVELOPMENT_TEAM = XGZZ3FP8X6;
				INFOPLIST_FILE = AfrikaBurn/Info.plist;
				LD_RUNPATH_SEARCH_PATHS = "$(inherited) @executable_path/Frameworks";
				PRODUCT_BUNDLE_IDENTIFIER = za.co.afrikaburn.AfrikaBurnApp;
				PRODUCT_NAME = "$(TARGET_NAME)";
				SWIFT_VERSION = 3.0;
			};
			name = Release;
		};
		421B0B491E6AA132006D6A91 /* Debug */ = {
			isa = XCBuildConfiguration;
			baseConfigurationReference = 64A1416249104A8C346A4494 /* Pods-AfrikaBurnTests.debug.xcconfig */;
			buildSettings = {
				ALWAYS_EMBED_SWIFT_STANDARD_LIBRARIES = YES;
				BUNDLE_LOADER = "$(TEST_HOST)";
				INFOPLIST_FILE = AfrikaBurnTests/Info.plist;
				LD_RUNPATH_SEARCH_PATHS = "$(inherited) @executable_path/Frameworks @loader_path/Frameworks";
				PRODUCT_BUNDLE_IDENTIFIER = com.afrikaburn.AfrikaBurnTests;
				PRODUCT_NAME = "$(TARGET_NAME)";
				SWIFT_VERSION = 3.0;
				TEST_HOST = "$(BUILT_PRODUCTS_DIR)/AfrikaBurn.app/AfrikaBurn";
			};
			name = Debug;
		};
		421B0B4A1E6AA132006D6A91 /* Release */ = {
			isa = XCBuildConfiguration;
			baseConfigurationReference = 1A10BA63A7F3925F6DCFE9F2 /* Pods-AfrikaBurnTests.release.xcconfig */;
			buildSettings = {
				ALWAYS_EMBED_SWIFT_STANDARD_LIBRARIES = YES;
				BUNDLE_LOADER = "$(TEST_HOST)";
				INFOPLIST_FILE = AfrikaBurnTests/Info.plist;
				LD_RUNPATH_SEARCH_PATHS = "$(inherited) @executable_path/Frameworks @loader_path/Frameworks";
				PRODUCT_BUNDLE_IDENTIFIER = com.afrikaburn.AfrikaBurnTests;
				PRODUCT_NAME = "$(TARGET_NAME)";
				SWIFT_VERSION = 3.0;
				TEST_HOST = "$(BUILT_PRODUCTS_DIR)/AfrikaBurn.app/AfrikaBurn";
			};
			name = Release;
		};
/* End XCBuildConfiguration section */

/* Begin XCConfigurationList section */
		421B0B211E6AA132006D6A91 /* Build configuration list for PBXProject "AfrikaBurn" */ = {
			isa = XCConfigurationList;
			buildConfigurations = (
				421B0B431E6AA132006D6A91 /* Debug */,
				421B0B441E6AA132006D6A91 /* Release */,
			);
			defaultConfigurationIsVisible = 0;
			defaultConfigurationName = Release;
		};
		421B0B451E6AA132006D6A91 /* Build configuration list for PBXNativeTarget "AfrikaBurn" */ = {
			isa = XCConfigurationList;
			buildConfigurations = (
				421B0B461E6AA132006D6A91 /* Debug */,
				421B0B471E6AA132006D6A91 /* Release */,
			);
			defaultConfigurationIsVisible = 0;
			defaultConfigurationName = Release;
		};
		421B0B481E6AA132006D6A91 /* Build configuration list for PBXNativeTarget "AfrikaBurnTests" */ = {
			isa = XCConfigurationList;
			buildConfigurations = (
				421B0B491E6AA132006D6A91 /* Debug */,
				421B0B4A1E6AA132006D6A91 /* Release */,
			);
			defaultConfigurationIsVisible = 0;
			defaultConfigurationName = Release;
		};
/* End XCConfigurationList section */
	};
	rootObject = 421B0B1E1E6AA132006D6A91 /* Project object */;
}
